
Microsoft Visual Studio Solution File, Format Version 12.00
# Visual Studio Version 17
VisualStudioVersion = 17.10.35027.167
MinimumVisualStudioVersion = 10.0.40219.1
Project("{FAE04EC0-301F-11D3-BF4B-00C04F79EFBC}") = "CyerXProTeste", "CyerXProTeste\CyerXProTeste.csproj", "{12A3B723-B740-4310-9368-4D22EE32F7A1}"
EndProject
Project("{FAE04EC0-301F-11D3-BF4B-00C04F79EFBC}") = "Infra", "Infra\Infra.csproj", "{247324B0-DF3B-44D3-97E2-DD8169C73B8A}"
EndProject
Project("{FAE04EC0-301F-11D3-BF4B-00C04F79EFBC}") = "Domain", "Domain\Domain.csproj", "{D2F7988D-F76B-4C41-9879-CE537DD1FDA5}"
EndProject
Global
	GlobalSection(SolutionConfigurationPlatforms) = preSolution
		Debug|Any CPU = Debug|Any CPU
		Release|Any CPU = Release|Any CPU
	EndGlobalSection
	GlobalSection(ProjectConfigurationPlatforms) = postSolution
		{12A3B723-B740-4310-9368-4D22EE32F7A1}.Debug|Any CPU.ActiveCfg = Debug|Any CPU
		{12A3B723-B740-4310-9368-4D22EE32F7A1}.Debug|Any CPU.Build.0 = Debug|Any CPU
		{12A3B723-B740-4310-9368-4D22EE32F7A1}.Release|Any CPU.ActiveCfg = Release|Any CPU
		{12A3B723-B740-4310-9368-4D22EE32F7A1}.Release|Any CPU.Build.0 = Release|Any CPU
		{247324B0-DF3B-44D3-97E2-DD8169C73B8A}.Debug|Any CPU.ActiveCfg = Debug|Any CPU
		{247324B0-DF3B-44D3-97E2-DD8169C73B8A}.Debug|Any CPU.Build.0 = Debug|Any CPU
		{247324B0-DF3B-44D3-97E2-DD8169C73B8A}.Release|Any CPU.ActiveCfg = Release|Any CPU
		{247324B0-DF3B-44D3-97E2-DD8169C73B8A}.Release|Any CPU.Build.0 = Release|Any CPU
		{D2F7988D-F76B-4C41-9879-CE537DD1FDA5}.Debug|Any CPU.ActiveCfg = Debug|Any CPU
		{D2F7988D-F76B-4C41-9879-CE537DD1FDA5}.Debug|Any CPU.Build.0 = Debug|Any CPU
		{D2F7988D-F76B-4C41-9879-CE537DD1FDA5}.Release|Any CPU.ActiveCfg = Release|Any CPU
		{D2F7988D-F76B-4C41-9879-CE537DD1FDA5}.Release|Any CPU.Build.0 = Release|Any CPU
	EndGlobalSection
	GlobalSection(SolutionProperties) = preSolution
		HideSolutionNode = FALSE
	EndGlobalSection
	GlobalSection(ExtensibilityGlobals) = postSolution
		SolutionGuid = {BF72950E-2BF8-4051-936D-53733215ED6C}
	EndGlobalSection
EndGlobal
